
Microsoft Visual Studio Solution File, Format Version 12.00
# Visual Studio 15
VisualStudioVersion = 15.0.28010.2036
MinimumVisualStudioVersion = 10.0.40219.1
Project("{FAE04EC0-301F-11D3-BF4B-00C04F79EFBC}") = "BankLedger", "BankLedger\BankLedger.csproj", "{9DC8E69A-7F05-488C-B0BC-101ED7212E8C}"
EndProject
Global
	GlobalSection(SolutionConfigurationPlatforms) = preSolution
		Debug|Any CPU = Debug|Any CPU
		Release|Any CPU = Release|Any CPU
	EndGlobalSection
	GlobalSection(ProjectConfigurationPlatforms) = postSolution
		{9DC8E69A-7F05-488C-B0BC-101ED7212E8C}.Debug|Any CPU.ActiveCfg = Debug|Any CPU
		{9DC8E69A-7F05-488C-B0BC-101ED7212E8C}.Debug|Any CPU.Build.0 = Debug|Any CPU
		{9DC8E69A-7F05-488C-B0BC-101ED7212E8C}.Release|Any CPU.ActiveCfg = Release|Any CPU
		{9DC8E69A-7F05-488C-B0BC-101ED7212E8C}.Release|Any CPU.Build.0 = Release|Any CPU
	EndGlobalSection
	GlobalSection(SolutionProperties) = preSolution
		HideSolutionNode = FALSE
	EndGlobalSection
	GlobalSection(ExtensibilityGlobals) = postSolution
		SolutionGuid = {B2C8EF5E-9181-4676-B13C-50C368CBCB79}
	EndGlobalSection
EndGlobal
